
Microsoft Visual Studio Solution File, Format Version 12.00
# Visual Studio Version 16
VisualStudioVersion = 16.0.28803.202
MinimumVisualStudioVersion = 10.0.40219.1
Project("{FAE04EC0-301F-11D3-BF4B-00C04F79EFBC}") = "TrainTicketMachine", "TrainTicketMachine\TrainTicketMachine.csproj", "{E3473A4F-5580-43CE-82B4-C696901DC331}"
EndProject
Project("{FAE04EC0-301F-11D3-BF4B-00C04F79EFBC}") = "TrainTicketMachineTests", "TrainTicketMachineTests\TrainTicketMachineTests.csproj", "{351519F0-45FE-4C9E-B52D-6D84B0D0A89E}"
EndProject
Global
	GlobalSection(SolutionConfigurationPlatforms) = preSolution
		Debug|Any CPU = Debug|Any CPU
		Release|Any CPU = Release|Any CPU
	EndGlobalSection
	GlobalSection(ProjectConfigurationPlatforms) = postSolution
		{E3473A4F-5580-43CE-82B4-C696901DC331}.Debug|Any CPU.ActiveCfg = Debug|Any CPU
		{E3473A4F-5580-43CE-82B4-C696901DC331}.Debug|Any CPU.Build.0 = Debug|Any CPU
		{E3473A4F-5580-43CE-82B4-C696901DC331}.Release|Any CPU.ActiveCfg = Release|Any CPU
		{E3473A4F-5580-43CE-82B4-C696901DC331}.Release|Any CPU.Build.0 = Release|Any CPU
		{351519F0-45FE-4C9E-B52D-6D84B0D0A89E}.Debug|Any CPU.ActiveCfg = Debug|Any CPU
		{351519F0-45FE-4C9E-B52D-6D84B0D0A89E}.Debug|Any CPU.Build.0 = Debug|Any CPU
		{351519F0-45FE-4C9E-B52D-6D84B0D0A89E}.Release|Any CPU.ActiveCfg = Release|Any CPU
		{351519F0-45FE-4C9E-B52D-6D84B0D0A89E}.Release|Any CPU.Build.0 = Release|Any CPU
	EndGlobalSection
	GlobalSection(SolutionProperties) = preSolution
		HideSolutionNode = FALSE
	EndGlobalSection
	GlobalSection(ExtensibilityGlobals) = postSolution
		SolutionGuid = {0B4E6C45-9286-4F41-B912-5C06F786CBA4}
	EndGlobalSection
EndGlobal
